github.com/google/uuid v1.2.0 h1:qJYtXnJRWmpe7m/3XlyhrsLrEURqHRM2kxzoxXqyUDs=
github.com/google/uuid v1.2.0/go.mod h1:TIyPZe4MgqvfeYDBFedMoGGpEw/LqOeaOT+nhxU+yHo=
github.com/gorilla/mux v1.8.0 h1:i40aqfkR1h2SlN9hojwV5ZA91wcXFOvkdNIeFDP5koI=
github.com/gorilla/mux v1.8.0/go.mod h1:DVbg23sWSpFRCP0SfiEN6jmj59UnW/n46BH5rLB71So=
github.com/pascaldekloe/jwt v1.10.0 h1:ktcIUV4TPvh404R5dIBEnPCsSwj0sqi3/0+XafE5gJs=
github.com/pascaldekloe/jwt v1.10.0/go.mod h1:TKhllgThT7TOP5rGr2zMLKEDZRAgJfBbtKyVeRsNB9A=
